
Microsoft Visual Studio Solution File, Format Version 12.00
# Visual Studio Version 17
VisualStudioVersion = 17.7.34202.233
MinimumVisualStudioVersion = 10.0.40219.1
Project("{FAE04EC0-301F-11D3-BF4B-00C04F79EFBC}") = "ConsoleApp1", "ConsoleApp1\ConsoleApp1.csproj", "{425BB773-54A2-4AD1-A59B-5EB58546E260}"
EndProject
Global
	GlobalSection(SolutionConfigurationPlatforms) = preSolution
		Debug|Any CPU = Debug|Any CPU
		Release|Any CPU = Release|Any CPU
	EndGlobalSection
	GlobalSection(ProjectConfigurationPlatforms) = postSolution
		{425BB773-54A2-4AD1-A59B-5EB58546E260}.Debug|Any CPU.ActiveCfg = Debug|Any CPU
		{425BB773-54A2-4AD1-A59B-5EB58546E260}.Debug|Any CPU.Build.0 = Debug|Any CPU
		{425BB773-54A2-4AD1-A59B-5EB58546E260}.Release|Any CPU.ActiveCfg = Release|Any CPU
		{425BB773-54A2-4AD1-A59B-5EB58546E260}.Release|Any CPU.Build.0 = Release|Any CPU
	EndGlobalSection
	GlobalSection(SolutionProperties) = preSolution
		HideSolutionNode = FALSE
	EndGlobalSection
	GlobalSection(ExtensibilityGlobals) = postSolution
		SolutionGuid = {07AACC13-3535-493A-A9D9-F14C999E8578}
	EndGlobalSection
EndGlobal
